
Microsoft Visual Studio Solution File, Format Version 12.00
# Visual Studio 15
VisualStudioVersion = 15.0.28307.1082
MinimumVisualStudioVersion = 10.0.40219.1
Project("{FAE04EC0-301F-11D3-BF4B-00C04F79EFBC}") = "WordpressDesktopClient", "WordpressDesktopClient\WordpressDesktopClient.csproj", "{2E721277-EE83-4C93-A6F8-8B52C7AF68C8}"
EndProject
Global
	GlobalSection(SolutionConfigurationPlatforms) = preSolution
		Debug|Any CPU = Debug|Any CPU
		Release|Any CPU = Release|Any CPU
	EndGlobalSection
	GlobalSection(ProjectConfigurationPlatforms) = postSolution
		{2E721277-EE83-4C93-A6F8-8B52C7AF68C8}.Debug|Any CPU.ActiveCfg = Debug|Any CPU
		{2E721277-EE83-4C93-A6F8-8B52C7AF68C8}.Debug|Any CPU.Build.0 = Debug|Any CPU
		{2E721277-EE83-4C93-A6F8-8B52C7AF68C8}.Release|Any CPU.ActiveCfg = Release|Any CPU
		{2E721277-EE83-4C93-A6F8-8B52C7AF68C8}.Release|Any CPU.Build.0 = Release|Any CPU
	EndGlobalSection
	GlobalSection(SolutionProperties) = preSolution
		HideSolutionNode = FALSE
	EndGlobalSection
	GlobalSection(ExtensibilityGlobals) = postSolution
		SolutionGuid = {AF356A9A-134C-4BBD-A981-B546DBCA6266}
	EndGlobalSection
EndGlobal
